
Microsoft Visual Studio Solution File, Format Version 12.00
# Visual Studio Version 16
VisualStudioVersion = 16.0.29911.84
MinimumVisualStudioVersion = 15.0.26124.0
Project("{2150E333-8FDC-42A3-9474-1A3956D46DE8}") = "src", "src", "{15EA7ADB-ABF7-4DC1-A053-B115F3213AB7}"
EndProject
Project("{9A19103F-16F7-4668-BE54-9A1E7A4F7556}") = "NServiceBus.Extensions.Diagnostics", "src\NServiceBus.Extensions.Diagnostics\NServiceBus.Extensions.Diagnostics.csproj", "{2D0B6A7B-85E5-402C-98E0-FDA8788239FF}"
EndProject
Project("{2150E333-8FDC-42A3-9474-1A3956D46DE8}") = "Solution Items", "Solution Items", "{0AC78BCD-6D6C-4FA5-B292-82BBEE5EE0F0}"
	ProjectSection(SolutionItems) = preProject
		.gitattributes = .gitattributes
		.gitignore = .gitignore
		Build.ps1 = Build.ps1
		.github\workflows\ci.yml = .github\workflows\ci.yml
		Directory.Build.props = Directory.Build.props
		LICENSE = LICENSE
		Push.ps1 = Push.ps1
		README.md = README.md
	EndProjectSection
EndProject
Project("{9A19103F-16F7-4668-BE54-9A1E7A4F7556}") = "NServiceBus.Extensions.Diagnostics.Tests", "test\NServiceBus.Extensions.Diagnostics.Tests\NServiceBus.Extensions.Diagnostics.Tests.csproj", "{3235095F-1318-4F5A-B957-A6CBE7199D31}"
EndProject
Project("{2150E333-8FDC-42A3-9474-1A3956D46DE8}") = "tests", "tests", "{4B399B70-C8F4-4AD5-8774-F734FC7422C1}"
EndProject
Project("{9A19103F-16F7-4668-BE54-9A1E7A4F7556}") = "NServiceBus.Extensions.Diagnostics.OpenTelemetry", "src\NServiceBus.Extensions.Diagnostics.OpenTelemetry\NServiceBus.Extensions.Diagnostics.OpenTelemetry.csproj", "{B898E26A-EE21-4915-8C6D-42F42054326F}"
EndProject
Global
	GlobalSection(SolutionConfigurationPlatforms) = preSolution
		Debug|Any CPU = Debug|Any CPU
		Debug|x64 = Debug|x64
		Debug|x86 = Debug|x86
		Release|Any CPU = Release|Any CPU
		Release|x64 = Release|x64
		Release|x86 = Release|x86
	EndGlobalSection
	GlobalSection(ProjectConfigurationPlatforms) = postSolution
		{2D0B6A7B-85E5-402C-98E0-FDA8788239FF}.Debug|Any CPU.ActiveCfg = Debug|Any CPU
		{2D0B6A7B-85E5-402C-98E0-FDA8788239FF}.Debug|Any CPU.Build.0 = Debug|Any CPU
		{2D0B6A7B-85E5-402C-98E0-FDA8788239FF}.Debug|x64.ActiveCfg = Debug|Any CPU
		{2D0B6A7B-85E5-402C-98E0-FDA8788239FF}.Debug|x64.Build.0 = Debug|Any CPU
		{2D0B6A7B-85E5-402C-98E0-FDA8788239FF}.Debug|x86.ActiveCfg = Debug|Any CPU
		{2D0B6A7B-85E5-402C-98E0-FDA8788239FF}.Debug|x86.Build.0 = Debug|Any CPU
		{2D0B6A7B-85E5-402C-98E0-FDA8788239FF}.Release|Any CPU.ActiveCfg = Release|Any CPU
		{2D0B6A7B-85E5-402C-98E0-FDA8788239FF}.Release|Any CPU.Build.0 = Release|Any CPU
		{2D0B6A7B-85E5-402C-98E0-FDA8788239FF}.Release|x64.ActiveCfg = Release|Any CPU
		{2D0B6A7B-85E5-402C-98E0-FDA8788239FF}.Release|x64.Build.0 = Release|Any CPU
		{2D0B6A7B-85E5-402C-98E0-FDA8788239FF}.Release|x86.ActiveCfg = Release|Any CPU
		{2D0B6A7B-85E5-402C-98E0-FDA8788239FF}.Release|x86.Build.0 = Release|Any CPU
		{3235095F-1318-4F5A-B957-A6CBE7199D31}.Debug|Any CPU.ActiveCfg = Debug|Any CPU
		{3235095F-1318-4F5A-B957-A6CBE7199D31}.Debug|Any CPU.Build.0 = Debug|Any CPU
		{3235095F-1318-4F5A-B957-A6CBE7199D31}.Debug|x64.ActiveCfg = Debug|Any CPU
		{3235095F-1318-4F5A-B957-A6CBE7199D31}.Debug|x64.Build.0 = Debug|Any CPU
		{3235095F-1318-4F5A-B957-A6CBE7199D31}.Debug|x86.ActiveCfg = Debug|Any CPU
		{3235095F-1318-4F5A-B957-A6CBE7199D31}.Debug|x86.Build.0 = Debug|Any CPU
		{3235095F-1318-4F5A-B957-A6CBE7199D31}.Release|Any CPU.ActiveCfg = Release|Any CPU
		{3235095F-1318-4F5A-B957-A6CBE7199D31}.Release|Any CPU.Build.0 = Release|Any CPU
		{3235095F-1318-4F5A-B957-A6CBE7199D31}.Release|x64.ActiveCfg = Release|Any CPU
		{3235095F-1318-4F5A-B957-A6CBE7199D31}.Release|x64.Build.0 = Release|Any CPU
		{3235095F-1318-4F5A-B957-A6CBE7199D31}.Release|x86.ActiveCfg = Release|Any CPU
		{3235095F-1318-4F5A-B957-A6CBE7199D31}.Release|x86.Build.0 = Release|Any CPU
		{B898E26A-EE21-4915-8C6D-42F42054326F}.Debug|Any CPU.ActiveCfg = Debug|Any CPU
		{B898E26A-EE21-4915-8C6D-42F42054326F}.Debug|Any CPU.Build.0 = Debug|Any CPU
		{B898E26A-EE21-4915-8C6D-42F42054326F}.Debug|x64.ActiveCfg = Debug|Any CPU
		{B898E26A-EE21-4915-8C6D-42F42054326F}.Debug|x64.Build.0 = Debug|Any CPU
		{B898E26A-EE21-4915-8C6D-42F42054326F}.Debug|x86.ActiveCfg = Debug|Any CPU
		{B898E26A-EE21-4915-8C6D-42F42054326F}.Debug|x86.Build.0 = Debug|Any CPU
		{B898E26A-EE21-4915-8C6D-42F42054326F}.Release|Any CPU.ActiveCfg = Release|Any CPU
		{B898E26A-EE21-4915-8C6D-42F42054326F}.Release|Any CPU.Build.0 = Release|Any CPU
		{B898E26A-EE21-4915-8C6D-42F42054326F}.Release|x64.ActiveCfg = Release|Any CPU
		{B898E26A-EE21-4915-8C6D-42F42054326F}.Release|x64.Build.0 = Release|Any CPU
		{B898E26A-EE21-4915-8C6D-42F42054326F}.Release|x86.ActiveCfg = Release|Any CPU
		{B898E26A-EE21-4915-8C6D-42F42054326F}.Release|x86.Build.0 = Release|Any CPU
	EndGlobalSection
	GlobalSection(SolutionProperties) = preSolution
		HideSolutionNode = FALSE
	EndGlobalSection
	GlobalSection(NestedProjects) = preSolution
		{2D0B6A7B-85E5-402C-98E0-FDA8788239FF} = {15EA7ADB-ABF7-4DC1-A053-B115F3213AB7}
		{3235095F-1318-4F5A-B957-A6CBE7199D31} = {4B399B70-C8F4-4AD5-8774-F734FC7422C1}
		{B898E26A-EE21-4915-8C6D-42F42054326F} = {15EA7ADB-ABF7-4DC1-A053-B115F3213AB7}
	EndGlobalSection
	GlobalSection(ExtensibilityGlobals) = postSolution
		SolutionGuid = {E96A865C-DEB2-4B20-BBBE-A2930D55167B}
	EndGlobalSection
EndGlobal
